
Microsoft Visual Studio Solution File, Format Version 12.00
# Visual Studio Version 17
VisualStudioVersion = 17.0.31903.59
MinimumVisualStudioVersion = 10.0.40219.1
Project("{2150E333-8FDC-42A3-9474-1A3956D46DE8}") = "src", "src", "{0A1C5BFC-D646-470C-A9BC-76EE72F7A5CA}"
EndProject
Project("{2150E333-8FDC-42A3-9474-1A3956D46DE8}") = "tests", "tests", "{389B5C0A-7247-43E3-B441-822971B70520}"
EndProject
Project("{9A19103F-16F7-4668-BE54-9A1E7A4F7556}") = "DeveloperStore.Tests", "tests\DeveloperStore.Tests\DeveloperStore.Tests.csproj", "{499D2677-98EC-4598-8E05-1B148CC179C2}"
EndProject
Project("{9A19103F-16F7-4668-BE54-9A1E7A4F7556}") = "DeveloperStore.Application", "src\DeveloperStore.Application\DeveloperStore.Application.csproj", "{040CAF6C-CDC7-4449-A535-57160C4F9B6A}"
EndProject
Project("{FAE04EC0-301F-11D3-BF4B-00C04F79EFBC}") = "DeveloperStore.Common", "src\DeveloperStore.Common\DeveloperStore.Common.csproj", "{66F4B9DE-4605-4ADB-8719-22F5AE114A77}"
EndProject
Project("{FAE04EC0-301F-11D3-BF4B-00C04F79EFBC}") = "DeveloperStore.Domain", "src\DeveloperStore.Domain\DeveloperStore.Domain.csproj", "{C73CFE46-702A-4D7A-87A3-A117C29AC6BF}"
EndProject
Project("{FAE04EC0-301F-11D3-BF4B-00C04F79EFBC}") = "DeveloperStore.ORM", "src\DeveloperStore.ORM\DeveloperStore.ORM.csproj", "{622DE3D7-CD55-4CBD-B72B-C7315671ED67}"
EndProject
Project("{FAE04EC0-301F-11D3-BF4B-00C04F79EFBC}") = "DeveloperStore.WebAPI", "src\DeveloperStore.WebAPI\DeveloperStore.WebAPI.csproj", "{5A5FDCD8-3DEA-4BA0-A0C4-9AF4AFFBAA26}"
EndProject
Project("{FAE04EC0-301F-11D3-BF4B-00C04F79EFBC}") = "DeveloperStore.IoC", "src\DeveloperStore.Ioc\DeveloperStore.IoC.csproj", "{EE87449A-5B3B-4076-8CB8-BCD2C6E198EA}"
EndProject
Global
	GlobalSection(SolutionConfigurationPlatforms) = preSolution
		Debug|Any CPU = Debug|Any CPU
		Release|Any CPU = Release|Any CPU
	EndGlobalSection
	GlobalSection(ProjectConfigurationPlatforms) = postSolution
		{499D2677-98EC-4598-8E05-1B148CC179C2}.Debug|Any CPU.ActiveCfg = Debug|Any CPU
		{499D2677-98EC-4598-8E05-1B148CC179C2}.Debug|Any CPU.Build.0 = Debug|Any CPU
		{499D2677-98EC-4598-8E05-1B148CC179C2}.Release|Any CPU.ActiveCfg = Release|Any CPU
		{499D2677-98EC-4598-8E05-1B148CC179C2}.Release|Any CPU.Build.0 = Release|Any CPU
		{040CAF6C-CDC7-4449-A535-57160C4F9B6A}.Debug|Any CPU.ActiveCfg = Debug|Any CPU
		{040CAF6C-CDC7-4449-A535-57160C4F9B6A}.Debug|Any CPU.Build.0 = Debug|Any CPU
		{040CAF6C-CDC7-4449-A535-57160C4F9B6A}.Release|Any CPU.ActiveCfg = Release|Any CPU
		{040CAF6C-CDC7-4449-A535-57160C4F9B6A}.Release|Any CPU.Build.0 = Release|Any CPU
		{66F4B9DE-4605-4ADB-8719-22F5AE114A77}.Debug|Any CPU.ActiveCfg = Debug|Any CPU
		{66F4B9DE-4605-4ADB-8719-22F5AE114A77}.Debug|Any CPU.Build.0 = Debug|Any CPU
		{66F4B9DE-4605-4ADB-8719-22F5AE114A77}.Release|Any CPU.ActiveCfg = Release|Any CPU
		{66F4B9DE-4605-4ADB-8719-22F5AE114A77}.Release|Any CPU.Build.0 = Release|Any CPU
		{C73CFE46-702A-4D7A-87A3-A117C29AC6BF}.Debug|Any CPU.ActiveCfg = Debug|Any CPU
		{C73CFE46-702A-4D7A-87A3-A117C29AC6BF}.Debug|Any CPU.Build.0 = Debug|Any CPU
		{C73CFE46-702A-4D7A-87A3-A117C29AC6BF}.Release|Any CPU.ActiveCfg = Release|Any CPU
		{C73CFE46-702A-4D7A-87A3-A117C29AC6BF}.Release|Any CPU.Build.0 = Release|Any CPU
		{622DE3D7-CD55-4CBD-B72B-C7315671ED67}.Debug|Any CPU.ActiveCfg = Debug|Any CPU
		{622DE3D7-CD55-4CBD-B72B-C7315671ED67}.Debug|Any CPU.Build.0 = Debug|Any CPU
		{622DE3D7-CD55-4CBD-B72B-C7315671ED67}.Release|Any CPU.ActiveCfg = Release|Any CPU
		{622DE3D7-CD55-4CBD-B72B-C7315671ED67}.Release|Any CPU.Build.0 = Release|Any CPU
		{5A5FDCD8-3DEA-4BA0-A0C4-9AF4AFFBAA26}.Debug|Any CPU.ActiveCfg = Debug|Any CPU
		{5A5FDCD8-3DEA-4BA0-A0C4-9AF4AFFBAA26}.Debug|Any CPU.Build.0 = Debug|Any CPU
		{5A5FDCD8-3DEA-4BA0-A0C4-9AF4AFFBAA26}.Release|Any CPU.ActiveCfg = Release|Any CPU
		{5A5FDCD8-3DEA-4BA0-A0C4-9AF4AFFBAA26}.Release|Any CPU.Build.0 = Release|Any CPU
		{EE87449A-5B3B-4076-8CB8-BCD2C6E198EA}.Debug|Any CPU.ActiveCfg = Debug|Any CPU
		{EE87449A-5B3B-4076-8CB8-BCD2C6E198EA}.Debug|Any CPU.Build.0 = Debug|Any CPU
		{EE87449A-5B3B-4076-8CB8-BCD2C6E198EA}.Release|Any CPU.ActiveCfg = Release|Any CPU
		{EE87449A-5B3B-4076-8CB8-BCD2C6E198EA}.Release|Any CPU.Build.0 = Release|Any CPU
	EndGlobalSection
	GlobalSection(SolutionProperties) = preSolution
		HideSolutionNode = FALSE
	EndGlobalSection
	GlobalSection(NestedProjects) = preSolution
		{499D2677-98EC-4598-8E05-1B148CC179C2} = {389B5C0A-7247-43E3-B441-822971B70520}
		{040CAF6C-CDC7-4449-A535-57160C4F9B6A} = {0A1C5BFC-D646-470C-A9BC-76EE72F7A5CA}
		{66F4B9DE-4605-4ADB-8719-22F5AE114A77} = {0A1C5BFC-D646-470C-A9BC-76EE72F7A5CA}
		{C73CFE46-702A-4D7A-87A3-A117C29AC6BF} = {0A1C5BFC-D646-470C-A9BC-76EE72F7A5CA}
		{622DE3D7-CD55-4CBD-B72B-C7315671ED67} = {0A1C5BFC-D646-470C-A9BC-76EE72F7A5CA}
		{5A5FDCD8-3DEA-4BA0-A0C4-9AF4AFFBAA26} = {0A1C5BFC-D646-470C-A9BC-76EE72F7A5CA}
		{EE87449A-5B3B-4076-8CB8-BCD2C6E198EA} = {0A1C5BFC-D646-470C-A9BC-76EE72F7A5CA}
	EndGlobalSection
	GlobalSection(ExtensibilityGlobals) = postSolution
		SolutionGuid = {2AF6B5B8-528B-4F5A-A9C1-8DFA924BA915}
	EndGlobalSection
EndGlobal
