
Microsoft Visual Studio Solution File, Format Version 12.00
# Visual Studio Version 17
VisualStudioVersion = 17.0.31903.59
MinimumVisualStudioVersion = 10.0.40219.1
Project("{2150E333-8FDC-42A3-9474-1A3956D46DE8}") = "src", "src", "{0A1C5BFC-D646-470C-A9BC-76EE72F7A5CA}"
EndProject
Project("{2150E333-8FDC-42A3-9474-1A3956D46DE8}") = "tests", "tests", "{389B5C0A-7247-43E3-B441-822971B70520}"
EndProject
Project("{9A19103F-16F7-4668-BE54-9A1E7A4F7556}") = "DeveloperStore.Tests", "tests\DeveloperStore.Tests\DeveloperStore.Tests.csproj", "{499D2677-98EC-4598-8E05-1B148CC179C2}"
EndProject
Project("{9A19103F-16F7-4668-BE54-9A1E7A4F7556}") = "DeveloperStore.Application", "src\DeveloperStore.Application\DeveloperStore.Application.csproj", "{27170826-E3EE-4D55-882A-7778B99B799B}"
EndProject
Project("{9A19103F-16F7-4668-BE54-9A1E7A4F7556}") = "DeveloperStore.Common", "src\DeveloperStore.Common\DeveloperStore.Common.csproj", "{EDFD9EC9-E5CE-4A42-AF06-767212588605}"
EndProject
Project("{FAE04EC0-301F-11D3-BF4B-00C04F79EFBC}") = "DeveloperStore.Domain", "src\DeveloperStore.Domain\DeveloperStore.Domain.csproj", "{7F4560CD-4DC1-47C2-8673-2DB08378955A}"
EndProject
Project("{FAE04EC0-301F-11D3-BF4B-00C04F79EFBC}") = "DeveloperStore.IoC", "src\DeveloperStore.IoC\DeveloperStore.IoC.csproj", "{32DC2AB5-4BBC-4094-B7E5-5DF8537E5775}"
EndProject
Project("{FAE04EC0-301F-11D3-BF4B-00C04F79EFBC}") = "DeveloperStore.ORM", "src\DeveloperStore.ORM\DeveloperStore.ORM.csproj", "{9AC80B38-98D6-45CC-8CF6-A608C89FCC8D}"
EndProject
Project("{FAE04EC0-301F-11D3-BF4B-00C04F79EFBC}") = "DeveloperStore.WebAPI", "src\DeveloperStore.WebAPI\DeveloperStore.WebAPI.csproj", "{44E807C1-EBBB-4122-95A7-33B891A0FEA0}"
EndProject
Global
	GlobalSection(SolutionConfigurationPlatforms) = preSolution
		Debug|Any CPU = Debug|Any CPU
		Release|Any CPU = Release|Any CPU
	EndGlobalSection
	GlobalSection(ProjectConfigurationPlatforms) = postSolution
		{499D2677-98EC-4598-8E05-1B148CC179C2}.Debug|Any CPU.ActiveCfg = Debug|Any CPU
		{499D2677-98EC-4598-8E05-1B148CC179C2}.Debug|Any CPU.Build.0 = Debug|Any CPU
		{499D2677-98EC-4598-8E05-1B148CC179C2}.Release|Any CPU.ActiveCfg = Release|Any CPU
		{499D2677-98EC-4598-8E05-1B148CC179C2}.Release|Any CPU.Build.0 = Release|Any CPU
		{27170826-E3EE-4D55-882A-7778B99B799B}.Debug|Any CPU.ActiveCfg = Debug|Any CPU
		{27170826-E3EE-4D55-882A-7778B99B799B}.Debug|Any CPU.Build.0 = Debug|Any CPU
		{27170826-E3EE-4D55-882A-7778B99B799B}.Release|Any CPU.ActiveCfg = Release|Any CPU
		{27170826-E3EE-4D55-882A-7778B99B799B}.Release|Any CPU.Build.0 = Release|Any CPU
		{EDFD9EC9-E5CE-4A42-AF06-767212588605}.Debug|Any CPU.ActiveCfg = Debug|Any CPU
		{EDFD9EC9-E5CE-4A42-AF06-767212588605}.Debug|Any CPU.Build.0 = Debug|Any CPU
		{EDFD9EC9-E5CE-4A42-AF06-767212588605}.Release|Any CPU.ActiveCfg = Release|Any CPU
		{EDFD9EC9-E5CE-4A42-AF06-767212588605}.Release|Any CPU.Build.0 = Release|Any CPU
		{7F4560CD-4DC1-47C2-8673-2DB08378955A}.Debug|Any CPU.ActiveCfg = Debug|Any CPU
		{7F4560CD-4DC1-47C2-8673-2DB08378955A}.Debug|Any CPU.Build.0 = Debug|Any CPU
		{7F4560CD-4DC1-47C2-8673-2DB08378955A}.Release|Any CPU.ActiveCfg = Release|Any CPU
		{7F4560CD-4DC1-47C2-8673-2DB08378955A}.Release|Any CPU.Build.0 = Release|Any CPU
		{32DC2AB5-4BBC-4094-B7E5-5DF8537E5775}.Debug|Any CPU.ActiveCfg = Debug|Any CPU
		{32DC2AB5-4BBC-4094-B7E5-5DF8537E5775}.Debug|Any CPU.Build.0 = Debug|Any CPU
		{32DC2AB5-4BBC-4094-B7E5-5DF8537E5775}.Release|Any CPU.ActiveCfg = Release|Any CPU
		{32DC2AB5-4BBC-4094-B7E5-5DF8537E5775}.Release|Any CPU.Build.0 = Release|Any CPU
		{9AC80B38-98D6-45CC-8CF6-A608C89FCC8D}.Debug|Any CPU.ActiveCfg = Debug|Any CPU
		{9AC80B38-98D6-45CC-8CF6-A608C89FCC8D}.Debug|Any CPU.Build.0 = Debug|Any CPU
		{9AC80B38-98D6-45CC-8CF6-A608C89FCC8D}.Release|Any CPU.ActiveCfg = Release|Any CPU
		{9AC80B38-98D6-45CC-8CF6-A608C89FCC8D}.Release|Any CPU.Build.0 = Release|Any CPU
		{44E807C1-EBBB-4122-95A7-33B891A0FEA0}.Debug|Any CPU.ActiveCfg = Debug|Any CPU
		{44E807C1-EBBB-4122-95A7-33B891A0FEA0}.Debug|Any CPU.Build.0 = Debug|Any CPU
		{44E807C1-EBBB-4122-95A7-33B891A0FEA0}.Release|Any CPU.ActiveCfg = Release|Any CPU
		{44E807C1-EBBB-4122-95A7-33B891A0FEA0}.Release|Any CPU.Build.0 = Release|Any CPU
	EndGlobalSection
	GlobalSection(SolutionProperties) = preSolution
		HideSolutionNode = FALSE
	EndGlobalSection
	GlobalSection(NestedProjects) = preSolution
		{499D2677-98EC-4598-8E05-1B148CC179C2} = {389B5C0A-7247-43E3-B441-822971B70520}
		{27170826-E3EE-4D55-882A-7778B99B799B} = {0A1C5BFC-D646-470C-A9BC-76EE72F7A5CA}
		{EDFD9EC9-E5CE-4A42-AF06-767212588605} = {0A1C5BFC-D646-470C-A9BC-76EE72F7A5CA}
		{7F4560CD-4DC1-47C2-8673-2DB08378955A} = {0A1C5BFC-D646-470C-A9BC-76EE72F7A5CA}
		{32DC2AB5-4BBC-4094-B7E5-5DF8537E5775} = {0A1C5BFC-D646-470C-A9BC-76EE72F7A5CA}
		{9AC80B38-98D6-45CC-8CF6-A608C89FCC8D} = {0A1C5BFC-D646-470C-A9BC-76EE72F7A5CA}
		{44E807C1-EBBB-4122-95A7-33B891A0FEA0} = {0A1C5BFC-D646-470C-A9BC-76EE72F7A5CA}
	EndGlobalSection
	GlobalSection(ExtensibilityGlobals) = postSolution
		SolutionGuid = {2AF6B5B8-528B-4F5A-A9C1-8DFA924BA915}
	EndGlobalSection
EndGlobal
